
Microsoft Visual Studio Solution File, Format Version 12.00
# Visual Studio Version 17
VisualStudioVersion = 17.10.35013.160
MinimumVisualStudioVersion = 10.0.40219.1
Project("{9A19103F-16F7-4668-BE54-9A1E7A4F7556}") = "MerlinAdministrator", "Merlin\MerlinAdministrator.csproj", "{0596E969-8B64-408D-8B23-2236C8AEC6FA}"
EndProject
Project("{9A19103F-16F7-4668-BE54-9A1E7A4F7556}") = "MerlinBackOffice", "MerlinBackOffice\MerlinBackOffice.csproj", "{6DD0FBA7-BAFC-48A8-9756-50522FD60F9E}"
EndProject
Project("{9A19103F-16F7-4668-BE54-9A1E7A4F7556}") = "MerlinPointOfSale", "MerlinPointOfSale\MerlinPointOfSale.csproj", "{FC87DDAE-5E22-47EC-8359-794E2463BAB7}"
EndProject
Project("{9A19103F-16F7-4668-BE54-9A1E7A4F7556}") = "Stripe_API", "..\Stripe_API\Stripe_API\Stripe_API.csproj", "{AE9A0EF0-0E9A-4B1C-8BAF-41FA6FF3D74E}"
EndProject
Project("{9A19103F-16F7-4668-BE54-9A1E7A4F7556}") = "MerlinCommunicator", "MerlinCommunicator\MerlinCommunicator.csproj", "{8FCE4581-446A-4DEB-A4FD-AAC8F9F31685}"
EndProject
Project("{9A19103F-16F7-4668-BE54-9A1E7A4F7556}") = "MerlinPollingAgent", "MerlinPollingAgent\MerlinPollingAgent.csproj", "{A7BCC752-A2D6-4633-B7D8-526B1119146B}"
EndProject
Project("{54435603-DBB4-11D2-8724-00A0C9A8B90C}") = "MerlinInstaller", "MerlinInstaller\MerlinInstaller.vdproj", "{3F6D144B-C2C3-4C83-B434-7EA8D30D11F8}"
EndProject
Global
	GlobalSection(SolutionConfigurationPlatforms) = preSolution
		Debug|Any CPU = Debug|Any CPU
		Release|Any CPU = Release|Any CPU
	EndGlobalSection
	GlobalSection(ProjectConfigurationPlatforms) = postSolution
		{0596E969-8B64-408D-8B23-2236C8AEC6FA}.Debug|Any CPU.ActiveCfg = Debug|Any CPU
		{0596E969-8B64-408D-8B23-2236C8AEC6FA}.Debug|Any CPU.Build.0 = Debug|Any CPU
		{0596E969-8B64-408D-8B23-2236C8AEC6FA}.Release|Any CPU.ActiveCfg = Release|Any CPU
		{0596E969-8B64-408D-8B23-2236C8AEC6FA}.Release|Any CPU.Build.0 = Release|Any CPU
		{6DD0FBA7-BAFC-48A8-9756-50522FD60F9E}.Debug|Any CPU.ActiveCfg = Debug|Any CPU
		{6DD0FBA7-BAFC-48A8-9756-50522FD60F9E}.Debug|Any CPU.Build.0 = Debug|Any CPU
		{6DD0FBA7-BAFC-48A8-9756-50522FD60F9E}.Release|Any CPU.ActiveCfg = Release|Any CPU
		{6DD0FBA7-BAFC-48A8-9756-50522FD60F9E}.Release|Any CPU.Build.0 = Release|Any CPU
		{FC87DDAE-5E22-47EC-8359-794E2463BAB7}.Debug|Any CPU.ActiveCfg = Debug|Any CPU
		{FC87DDAE-5E22-47EC-8359-794E2463BAB7}.Debug|Any CPU.Build.0 = Debug|Any CPU
		{FC87DDAE-5E22-47EC-8359-794E2463BAB7}.Release|Any CPU.ActiveCfg = Release|Any CPU
		{FC87DDAE-5E22-47EC-8359-794E2463BAB7}.Release|Any CPU.Build.0 = Release|Any CPU
		{AE9A0EF0-0E9A-4B1C-8BAF-41FA6FF3D74E}.Debug|Any CPU.ActiveCfg = Debug|Any CPU
		{AE9A0EF0-0E9A-4B1C-8BAF-41FA6FF3D74E}.Debug|Any CPU.Build.0 = Debug|Any CPU
		{AE9A0EF0-0E9A-4B1C-8BAF-41FA6FF3D74E}.Release|Any CPU.ActiveCfg = Release|Any CPU
		{AE9A0EF0-0E9A-4B1C-8BAF-41FA6FF3D74E}.Release|Any CPU.Build.0 = Release|Any CPU
		{8FCE4581-446A-4DEB-A4FD-AAC8F9F31685}.Debug|Any CPU.ActiveCfg = Debug|Any CPU
		{8FCE4581-446A-4DEB-A4FD-AAC8F9F31685}.Debug|Any CPU.Build.0 = Debug|Any CPU
		{8FCE4581-446A-4DEB-A4FD-AAC8F9F31685}.Release|Any CPU.ActiveCfg = Release|Any CPU
		{8FCE4581-446A-4DEB-A4FD-AAC8F9F31685}.Release|Any CPU.Build.0 = Release|Any CPU
		{A7BCC752-A2D6-4633-B7D8-526B1119146B}.Debug|Any CPU.ActiveCfg = Debug|Any CPU
		{A7BCC752-A2D6-4633-B7D8-526B1119146B}.Debug|Any CPU.Build.0 = Debug|Any CPU
		{A7BCC752-A2D6-4633-B7D8-526B1119146B}.Release|Any CPU.ActiveCfg = Release|Any CPU
		{A7BCC752-A2D6-4633-B7D8-526B1119146B}.Release|Any CPU.Build.0 = Release|Any CPU
		{3F6D144B-C2C3-4C83-B434-7EA8D30D11F8}.Debug|Any CPU.ActiveCfg = Debug
		{3F6D144B-C2C3-4C83-B434-7EA8D30D11F8}.Release|Any CPU.ActiveCfg = Release
	EndGlobalSection
	GlobalSection(SolutionProperties) = preSolution
		HideSolutionNode = FALSE
	EndGlobalSection
	GlobalSection(ExtensibilityGlobals) = postSolution
		SolutionGuid = {F5DBDAF3-F6D0-48C4-B427-FB9B88CE34D2}
	EndGlobalSection
EndGlobal
